
Microsoft Visual Studio Solution File, Format Version 12.00
# Visual Studio 15
VisualStudioVersion = 15.0.27703.2042
MinimumVisualStudioVersion = 10.0.40219.1
Project("{FAE04EC0-301F-11D3-BF4B-00C04F79EFBC}") = "BnS-Buddy", "BnS-Buddy.csproj", "{0A3F7E8E-908D-4F2D-B572-698B211E5070}"
EndProject
Global
	GlobalSection(SolutionConfigurationPlatforms) = preSolution
		Debug|Any CPU = Debug|Any CPU
		Release|Any CPU = Release|Any CPU
	EndGlobalSection
	GlobalSection(ProjectConfigurationPlatforms) = postSolution
		{0A3F7E8E-908D-4F2D-B572-698B211E5070}.Debug|Any CPU.ActiveCfg = Debug|Any CPU
		{0A3F7E8E-908D-4F2D-B572-698B211E5070}.Debug|Any CPU.Build.0 = Debug|Any CPU
		{0A3F7E8E-908D-4F2D-B572-698B211E5070}.Release|Any CPU.ActiveCfg = Release|Any CPU
		{0A3F7E8E-908D-4F2D-B572-698B211E5070}.Release|Any CPU.Build.0 = Release|Any CPU
	EndGlobalSection
	GlobalSection(SolutionProperties) = preSolution
		HideSolutionNode = FALSE
	EndGlobalSection
	GlobalSection(ExtensibilityGlobals) = postSolution
		SolutionGuid = {749D0447-4802-44B8-9999-50F581F73E32}
	EndGlobalSection
EndGlobal
